
Microsoft Visual Studio Solution File, Format Version 12.00
# Visual Studio Version 17
VisualStudioVersion = 17.6.33829.357
MinimumVisualStudioVersion = 10.0.40219.1
Project("{FAE04EC0-301F-11D3-BF4B-00C04F79EFBC}") = "DependencyProblemSolver.Console", "DependencyProblemSolver\DependencyProblemSolver.Console.csproj", "{AD2996C0-0DC3-47BF-8C9B-5427C1425336}"
EndProject
Project("{FAE04EC0-301F-11D3-BF4B-00C04F79EFBC}") = "DependencyProblemSolver.Implementation", "DependencyProblemSolver.Implementation\DependencyProblemSolver.Implementation.csproj", "{BF6F1A0A-756E-4562-879A-0F469A73DF16}"
EndProject
Project("{FAE04EC0-301F-11D3-BF4B-00C04F79EFBC}") = "DependencyProblemSolver.Tests", "DependencyProblemSolver.Tests\DependencyProblemSolver.Tests.csproj", "{5C4238FB-2869-4D5D-B54C-CF5335C59BA0}"
EndProject
Global
	GlobalSection(SolutionConfigurationPlatforms) = preSolution
		Debug|Any CPU = Debug|Any CPU
		Release|Any CPU = Release|Any CPU
	EndGlobalSection
	GlobalSection(ProjectConfigurationPlatforms) = postSolution
		{AD2996C0-0DC3-47BF-8C9B-5427C1425336}.Debug|Any CPU.ActiveCfg = Debug|Any CPU
		{AD2996C0-0DC3-47BF-8C9B-5427C1425336}.Debug|Any CPU.Build.0 = Debug|Any CPU
		{AD2996C0-0DC3-47BF-8C9B-5427C1425336}.Release|Any CPU.ActiveCfg = Release|Any CPU
		{AD2996C0-0DC3-47BF-8C9B-5427C1425336}.Release|Any CPU.Build.0 = Release|Any CPU
		{BF6F1A0A-756E-4562-879A-0F469A73DF16}.Debug|Any CPU.ActiveCfg = Debug|Any CPU
		{BF6F1A0A-756E-4562-879A-0F469A73DF16}.Debug|Any CPU.Build.0 = Debug|Any CPU
		{BF6F1A0A-756E-4562-879A-0F469A73DF16}.Release|Any CPU.ActiveCfg = Release|Any CPU
		{BF6F1A0A-756E-4562-879A-0F469A73DF16}.Release|Any CPU.Build.0 = Release|Any CPU
		{5C4238FB-2869-4D5D-B54C-CF5335C59BA0}.Debug|Any CPU.ActiveCfg = Debug|Any CPU
		{5C4238FB-2869-4D5D-B54C-CF5335C59BA0}.Debug|Any CPU.Build.0 = Debug|Any CPU
		{5C4238FB-2869-4D5D-B54C-CF5335C59BA0}.Release|Any CPU.ActiveCfg = Release|Any CPU
		{5C4238FB-2869-4D5D-B54C-CF5335C59BA0}.Release|Any CPU.Build.0 = Release|Any CPU
	EndGlobalSection
	GlobalSection(SolutionProperties) = preSolution
		HideSolutionNode = FALSE
	EndGlobalSection
	GlobalSection(ExtensibilityGlobals) = postSolution
		SolutionGuid = {240294CE-63C9-4AAB-9F0F-E91E4E502157}
	EndGlobalSection
EndGlobal
